
Microsoft Visual Studio Solution File, Format Version 12.00
# Visual Studio 14
VisualStudioVersion = 14.0.24720.0
MinimumVisualStudioVersion = 10.0.40219.1
Project("{FAE04EC0-301F-11D3-BF4B-00C04F79EFBC}") = "CustomDirectory.v2", "CustomDirectory.v2.csproj", "{5A6AB8D1-B166-441B-A2F4-8CE4D6C2E179}"
EndProject
Global
	GlobalSection(SolutionConfigurationPlatforms) = preSolution
		AR|Any CPU = AR|Any CPU
		AU|Any CPU = AU|Any CPU
		BO|Any CPU = BO|Any CPU
		BR|Any CPU = BR|Any CPU
		CL|Any CPU = CL|Any CPU
		CO|Any CPU = CO|Any CPU
		DE|Any CPU = DE|Any CPU
		Debug|Any CPU = Debug|Any CPU
		ES|Any CPU = ES|Any CPU
		FR|Any CPU = FR|Any CPU
		IT|Any CPU = IT|Any CPU
		MX|Any CPU = MX|Any CPU
		NL|Any CPU = NL|Any CPU
		PE|Any CPU = PE|Any CPU
		PY|Any CPU = PY|Any CPU
		Release|Any CPU = Release|Any CPU
		UK|Any CPU = UK|Any CPU
		US|Any CPU = US|Any CPU
		UY|Any CPU = UY|Any CPU
		VE|Any CPU = VE|Any CPU
	EndGlobalSection
	GlobalSection(ProjectConfigurationPlatforms) = postSolution
		{5A6AB8D1-B166-441B-A2F4-8CE4D6C2E179}.AR|Any CPU.ActiveCfg = AR|Any CPU
		{5A6AB8D1-B166-441B-A2F4-8CE4D6C2E179}.AR|Any CPU.Build.0 = AR|Any CPU
		{5A6AB8D1-B166-441B-A2F4-8CE4D6C2E179}.AU|Any CPU.ActiveCfg = AU|Any CPU
		{5A6AB8D1-B166-441B-A2F4-8CE4D6C2E179}.AU|Any CPU.Build.0 = AU|Any CPU
		{5A6AB8D1-B166-441B-A2F4-8CE4D6C2E179}.BO|Any CPU.ActiveCfg = BO|Any CPU
		{5A6AB8D1-B166-441B-A2F4-8CE4D6C2E179}.BO|Any CPU.Build.0 = BO|Any CPU
		{5A6AB8D1-B166-441B-A2F4-8CE4D6C2E179}.BR|Any CPU.ActiveCfg = BR|Any CPU
		{5A6AB8D1-B166-441B-A2F4-8CE4D6C2E179}.BR|Any CPU.Build.0 = BR|Any CPU
		{5A6AB8D1-B166-441B-A2F4-8CE4D6C2E179}.CL|Any CPU.ActiveCfg = CL|Any CPU
		{5A6AB8D1-B166-441B-A2F4-8CE4D6C2E179}.CL|Any CPU.Build.0 = CL|Any CPU
		{5A6AB8D1-B166-441B-A2F4-8CE4D6C2E179}.CO|Any CPU.ActiveCfg = CO|Any CPU
		{5A6AB8D1-B166-441B-A2F4-8CE4D6C2E179}.CO|Any CPU.Build.0 = CO|Any CPU
		{5A6AB8D1-B166-441B-A2F4-8CE4D6C2E179}.DE|Any CPU.ActiveCfg = DE|Any CPU
		{5A6AB8D1-B166-441B-A2F4-8CE4D6C2E179}.DE|Any CPU.Build.0 = DE|Any CPU
		{5A6AB8D1-B166-441B-A2F4-8CE4D6C2E179}.Debug|Any CPU.ActiveCfg = Debug|Any CPU
		{5A6AB8D1-B166-441B-A2F4-8CE4D6C2E179}.Debug|Any CPU.Build.0 = Debug|Any CPU
		{5A6AB8D1-B166-441B-A2F4-8CE4D6C2E179}.ES|Any CPU.ActiveCfg = ES|Any CPU
		{5A6AB8D1-B166-441B-A2F4-8CE4D6C2E179}.ES|Any CPU.Build.0 = ES|Any CPU
		{5A6AB8D1-B166-441B-A2F4-8CE4D6C2E179}.FR|Any CPU.ActiveCfg = FR|Any CPU
		{5A6AB8D1-B166-441B-A2F4-8CE4D6C2E179}.FR|Any CPU.Build.0 = FR|Any CPU
		{5A6AB8D1-B166-441B-A2F4-8CE4D6C2E179}.IT|Any CPU.ActiveCfg = IT|Any CPU
		{5A6AB8D1-B166-441B-A2F4-8CE4D6C2E179}.IT|Any CPU.Build.0 = IT|Any CPU
		{5A6AB8D1-B166-441B-A2F4-8CE4D6C2E179}.MX|Any CPU.ActiveCfg = MX|Any CPU
		{5A6AB8D1-B166-441B-A2F4-8CE4D6C2E179}.MX|Any CPU.Build.0 = MX|Any CPU
		{5A6AB8D1-B166-441B-A2F4-8CE4D6C2E179}.NL|Any CPU.ActiveCfg = NL|Any CPU
		{5A6AB8D1-B166-441B-A2F4-8CE4D6C2E179}.NL|Any CPU.Build.0 = NL|Any CPU
		{5A6AB8D1-B166-441B-A2F4-8CE4D6C2E179}.PE|Any CPU.ActiveCfg = PE|Any CPU
		{5A6AB8D1-B166-441B-A2F4-8CE4D6C2E179}.PE|Any CPU.Build.0 = PE|Any CPU
		{5A6AB8D1-B166-441B-A2F4-8CE4D6C2E179}.PY|Any CPU.ActiveCfg = PY|Any CPU
		{5A6AB8D1-B166-441B-A2F4-8CE4D6C2E179}.PY|Any CPU.Build.0 = PY|Any CPU
		{5A6AB8D1-B166-441B-A2F4-8CE4D6C2E179}.Release|Any CPU.ActiveCfg = Release|Any CPU
		{5A6AB8D1-B166-441B-A2F4-8CE4D6C2E179}.Release|Any CPU.Build.0 = Release|Any CPU
		{5A6AB8D1-B166-441B-A2F4-8CE4D6C2E179}.UK|Any CPU.ActiveCfg = UK|Any CPU
		{5A6AB8D1-B166-441B-A2F4-8CE4D6C2E179}.UK|Any CPU.Build.0 = UK|Any CPU
		{5A6AB8D1-B166-441B-A2F4-8CE4D6C2E179}.US|Any CPU.ActiveCfg = US|Any CPU
		{5A6AB8D1-B166-441B-A2F4-8CE4D6C2E179}.US|Any CPU.Build.0 = US|Any CPU
		{5A6AB8D1-B166-441B-A2F4-8CE4D6C2E179}.UY|Any CPU.ActiveCfg = UY|Any CPU
		{5A6AB8D1-B166-441B-A2F4-8CE4D6C2E179}.UY|Any CPU.Build.0 = UY|Any CPU
		{5A6AB8D1-B166-441B-A2F4-8CE4D6C2E179}.VE|Any CPU.ActiveCfg = VE|Any CPU
		{5A6AB8D1-B166-441B-A2F4-8CE4D6C2E179}.VE|Any CPU.Build.0 = VE|Any CPU
	EndGlobalSection
	GlobalSection(SolutionProperties) = preSolution
		HideSolutionNode = FALSE
	EndGlobalSection
EndGlobal
